PODS:
  - MultiDegreeLikeButton (0.1.0)

DEPENDENCIES:
  - MultiDegreeLikeButton (from `../`)

EXTERNAL SOURCES:
  MultiDegreeLikeButton:
    :path: "../"

SPEC CHECKSUMS:
  MultiDegreeLikeButton: 8e4417333c0eee11ec428991aea26e5fe7d67f5e

PODFILE CHECKSUM: fd81408a372d34c2a8f45e0164972e74ebdb16df

COCOAPODS: 1.5.3
